# This file is automatically @generated by Poetry 2.2.1 and should not be changed by hand.

[[package]]
name = "colorama"
version = "0.4.4"
description = "Cross-platform colored terminal text."
optional = false
python-versions = ">=2.7, !=3.0.*, !=3.1.*, !=3.2.*, !=3.3.*, !=3.4.*"
groups = ["dev"]
markers = "sys_platform == \"win32\""
files = [
    {file = "colorama-0.4.4-py2.py3-none-any.whl", hash = "sha256:9f47eda37229f68eee03b24b9748937c7dc3868f906e8ba69fbcbdd3bc5dc3e2"},
    {file = "colorama-0.4.4.tar.gz", hash = "sha256:5941b2b48a20143d2267e95b1c2a7603ce057ee39fd88e7329b0c292aa16869b"},
]

[[package]]
name = "coverage"
version = "7.1.0"
description = "Code coverage measurement for Python"
optional = false
python-versions = ">=3.7"
groups = ["dev"]
files = [
    {file = "coverage-7.1.0-cp310-cp310-macosx_10_9_x86_64.whl", hash = "sha256:3b946bbcd5a8231383450b195cfb58cb01cbe7f8949f5758566b881df4b33baf"},
    {file = "coverage-7.1.0-cp310-cp310-macosx_11_0_arm64.whl", hash = "sha256:ec8e767f13be637d056f7e07e61d089e555f719b387a7070154ad80a0ff31801"},
    {file = "coverage-7.1.0-cp310-cp310-manylinux_2_17_aarch64.manylinux2014_aarch64.whl", hash = "sha256:d4a5a5879a939cb84959d86869132b00176197ca561c664fc21478c1eee60d75"},
    {file = "coverage-7.1.0-cp310-cp310-manylinux_2_5_i686.manylinux1_i686.manylinux_2_17_i686.manylinux2014_i686.whl", hash = "sha256:b643cb30821e7570c0aaf54feaf0bfb630b79059f85741843e9dc23f33aaca2c"},
    {file = "coverage-7.1.0-cp310-cp310-manylinux_2_5_x86_64.manylinux1_x86_64.manylinux_2_17_x86_64.manylinux2014_x86_64.whl", hash = "sha256:32df215215f3af2c1617a55dbdfb403b772d463d54d219985ac7cd3bf124cada"},
    {file = "coverage-7.1.0-cp310-cp310-musllinux_1_1_aarch64.whl", hash = "sha256:33d1ae9d4079e05ac4cc1ef9e20c648f5afabf1a92adfaf2ccf509c50b85717f"},
    {file = "coverage-7.1.0-cp310-cp310-musllinux_1_1_i686.whl", hash = "sha256:29571503c37f2ef2138a306d23e7270687c0efb9cab4bd8038d609b5c2393a3a"},
    {file = "coverage-7.1.0-cp310-cp310-musllinux_1_1_x86_64.whl", hash = "sha256:63ffd21aa133ff48c4dff7adcc46b7ec8b565491bfc371212122dd999812ea1c"},
    {file = "coverage-7.1.0-cp310-cp310-win32.whl", hash = "sha256:4b14d5e09c656de5038a3f9bfe5228f53439282abcab87317c9f7f1acb280352"},
    {file = "coverage-7.1.0-cp310-cp310-win_amd64.whl", hash = "sha256:8361be1c2c073919500b6601220a6f2f98ea0b6d2fec5014c1d9cfa23dd07038"},
    {file = "coverage-7.1.0-cp311-cp311-macosx_10_9_x86_64.whl", hash = "sha256:da9b41d4539eefd408c46725fb76ecba3a50a3367cafb7dea5f250d0653c1040"},
    {file = "coverage-7.1.0-cp311-cp311-macosx_11_0_arm64.whl", hash = "sha256:c5b15ed7644ae4bee0ecf74fee95808dcc34ba6ace87e8dfbf5cb0dc20eab45a"},
    {file = "coverage-7.1.0-cp311-cp311-manylinux_2_17_aarch64.manylinux2014_aarch64.whl", hash = "sha256:d12d076582507ea460ea2a89a8c85cb558f83406c8a41dd641d7be9a32e1274f"},
    {file = "coverage-7.1.0-cp311-cp311-manylinux_2_5_i686.manylinux1_i686.manylinux_2_17_i686.manylinux2014_i686.whl", hash = "sha256:e2617759031dae1bf183c16cef8fcfb3de7617f394c813fa5e8e46e9b82d4222"},
    {file = "coverage-7.1.0-cp311-cp311-manylinux_2_5_x86_64.manylinux1_x86_64.manylinux_2_17_x86_64.manylinux2014_x86_64.whl", hash = "sha256:c4e4881fa9e9667afcc742f0c244d9364d197490fbc91d12ac3b5de0bf2df146"},
    {file = "coverage-7.1.0-cp311-cp311-musllinux_1_1_aarch64.whl", hash = "sha256:9d58885215094ab4a86a6aef044e42994a2bd76a446dc59b352622655ba6621b"},
    {file = "coverage-7.1.0-cp311-cp311-musllinux_1_1_i686.whl", hash = "sha256:ffeeb38ee4a80a30a6877c5c4c359e5498eec095878f1581453202bfacc8fbc2"},
    {file = "coverage-7.1.0-cp311-cp311-musllinux_1_1_x86_64.whl", hash = "sha256:3baf5f126f30781b5e93dbefcc8271cb2491647f8283f20ac54d12161dff080e"},
    {file = "coverage-7.1.0-cp311-cp311-win32.whl", hash = "sha256:ded59300d6330be27bc6cf0b74b89ada58069ced87c48eaf9344e5e84b0072f7"},
    {file = "coverage-7.1.0-cp311-cp311-win_amd64.whl", hash = "sha256:6a43c7823cd7427b4ed763aa7fb63901ca8288591323b58c9cd6ec31ad910f3c"},
    {file = "coverage-7.1.0-cp37-cp37m-macosx_10_9_x86_64.whl", hash = "sha256:7a726d742816cb3a8973c8c9a97539c734b3a309345236cd533c4883dda05b8d"},
    {file = "coverage-7.1.0-cp37-cp37m-manylinux_2_17_aarch64.manylinux2014_aarch64.whl", hash = "sha256:bc7c85a150501286f8b56bd8ed3aa4093f4b88fb68c0843d21ff9656f0009d6a"},
    {file = "coverage-7.1.0-cp37-cp37m-manylinux_2_5_i686.manylinux1_i686.manylinux_2_17_i686.manylinux2014_i686.whl", hash = "sha256:f5b4198d85a3755d27e64c52f8c95d6333119e49fd001ae5798dac872c95e0f8"},
    {file = "coverage-7.1.0-cp37-cp37m-manylinux_2_5_x86_64.manylinux1_x86_64.manylinux_2_17_x86_64.manylinux2014_x86_64.whl", hash = "sha256:ddb726cb861c3117a553f940372a495fe1078249ff5f8a5478c0576c7be12050"},
    {file = "coverage-7.1.0-cp37-cp37m-musllinux_1_1_aarch64.whl", hash = "sha256:51b236e764840a6df0661b67e50697aaa0e7d4124ca95e5058fa3d7cbc240b7c"},
    {file = "coverage-7.1.0-cp37-cp37m-musllinux_1_1_i686.whl", hash = "sha256:7ee5c9bb51695f80878faaa5598040dd6c9e172ddcf490382e8aedb8ec3fec8d"},
    {file = "coverage-7.1.0-cp37-cp37m-musllinux_1_1_x86_64.whl", hash = "sha256:c31b75ae466c053a98bf26843563b3b3517b8f37da4d47b1c582fdc703112bc3"},
    {file = "coverage-7.1.0-cp37-cp37m-win32.whl", hash = "sha256:3b155caf3760408d1cb903b21e6a97ad4e2bdad43cbc265e3ce0afb8e0057e73"},
    {file = "coverage-7.1.0-cp37-cp37m-win_amd64.whl", hash = "sha256:2a60d6513781e87047c3e630b33b4d1e89f39836dac6e069ffee28c4786715f5"},
    {file = "coverage-7.1.0-cp38-cp38-macosx_10_9_x86_64.whl", hash = "sha256:f2cba5c6db29ce991029b5e4ac51eb36774458f0a3b8d3137241b32d1bb91f06"},
    {file = "coverage-7.1.0-cp38-cp38-macosx_11_0_arm64.whl", hash = "sha256:beeb129cacea34490ffd4d6153af70509aa3cda20fdda2ea1a2be870dfec8d52"},
    {file = "coverage-7.1.0-cp38-cp38-manylinux_2_17_aarch64.manylinux2014_aarch64.whl", hash = "sha256:0c45948f613d5d18c9ec5eaa203ce06a653334cf1bd47c783a12d0dd4fd9c851"},
    {file = "coverage-7.1.0-cp38-cp38-manylinux_2_5_i686.manylinux1_i686.manylinux_2_17_i686.manylinux2014_i686.whl", hash = "sha256:ef382417db92ba23dfb5864a3fc9be27ea4894e86620d342a116b243ade5d35d"},
    {file = "coverage-7.1.0-cp38-cp38-manylinux_2_5_x86_64.manylinux1_x86_64.manylinux_2_17_x86_64.manylinux2014_x86_64.whl", hash = "sha256:7c7c0d0827e853315c9bbd43c1162c006dd808dbbe297db7ae66cd17b07830f0"},
    {file = "coverage-7.1.0-cp38-cp38-musllinux_1_1_aarch64.whl", hash = "sha256:e5cdbb5cafcedea04924568d990e20ce7f1945a1dd54b560f879ee2d57226912"},
    {file = "coverage-7.1.0-cp38-cp38-musllinux_1_1_i686.whl", hash = "sha256:9817733f0d3ea91bea80de0f79ef971ae94f81ca52f9b66500c6a2fea8e4b4f8"},
    {file = "coverage-7.1.0-cp38-cp38-musllinux_1_1_x86_64.whl", hash = "sha256:218fe982371ac7387304153ecd51205f14e9d731b34fb0568181abaf7b443ba0"},
    {file = "coverage-7.1.0-cp38-cp38-win32.whl", hash = "sha256:04481245ef966fbd24ae9b9e537ce899ae584d521dfbe78f89cad003c38ca2ab"},
    {file = "coverage-7.1.0-cp38-cp38-win_amd64.whl", hash = "sha256:8ae125d1134bf236acba8b83e74c603d1b30e207266121e76484562bc816344c"},
    {file = "coverage-7.1.0-cp39-cp39-macosx_10_9_x86_64.whl", hash = "sha256:2bf1d5f2084c3932b56b962a683074a3692bce7cabd3aa023c987a2a8e7612f6"},
    {file = "coverage-7.1.0-cp39-cp39-macosx_11_0_arm64.whl", hash = "sha256:98b85dd86514d889a2e3dd22ab3c18c9d0019e696478391d86708b805f4ea0fa"},
    {file = "coverage-7.1.0-cp39-cp39-manylinux_2_17_aarch64.manylinux2014_aarch64.whl", hash = "sha256:38da2db80cc505a611938d8624801158e409928b136c8916cd2e203970dde4dc"},
    {file = "coverage-7.1.0-cp39-cp39-manylinux_2_5_i686.manylinux1_i686.manylinux_2_17_i686.manylinux2014_i686.whl", hash = "sha256:3164d31078fa9efe406e198aecd2a02d32a62fecbdef74f76dad6a46c7e48311"},
    {file = "coverage-7.1.0-cp39-cp39-manylinux_2_5_x86_64.manylinux1_x86_64.manylinux_2_17_x86_64.manylinux2014_x86_64.whl", hash = "sha256:db61a79c07331e88b9a9974815c075fbd812bc9dbc4dc44b366b5368a2936063"},
    {file = "coverage-7.1.0-cp39-cp39-musllinux_1_1_aarch64.whl", hash = "sha256:9ccb092c9ede70b2517a57382a601619d20981f56f440eae7e4d7eaafd1d1d09"},
    {file = "coverage-7.1.0-cp39-cp39-musllinux_1_1_i686.whl", hash = "sha256:33ff26d0f6cc3ca8de13d14fde1ff8efe1456b53e3f0273e63cc8b3c84a063d8"},
    {file = "coverage-7.1.0-cp39-cp39-musllinux_1_1_x86_64.whl", hash = "sha256:d47dd659a4ee952e90dc56c97d78132573dc5c7b09d61b416a9deef4ebe01a0c"},
    {file = "coverage-7.1.0-cp39-cp39-win32.whl", hash = "sha256:d248cd4a92065a4d4543b8331660121b31c4148dd00a691bfb7a5cdc7483cfa4"},
    {file = "coverage-7.1.0-cp39-cp39-win_amd64.whl", hash = "sha256:7ed681b0f8e8bcbbffa58ba26fcf5dbc8f79e7997595bf071ed5430d8c08d6f3"},
    {file = "coverage-7.1.0-pp37.pp38.pp39-none-any.whl", hash = "sha256:755e89e32376c850f826c425ece2c35a4fc266c081490eb0a841e7c1cb0d3bda"},
    {file = "coverage-7.1.0.tar.gz", hash = "sha256:10188fe543560ec4874f974b5305cd1a8bdcfa885ee00ea3a03733464c4ca265"},
]

[package.dependencies]
tomli = {version = "*", optional = true, markers = "python_full_version <= \"3.11.0a6\" and extra == \"toml\""}

[package.extras]
toml = ["tomli ; python_full_version <= \"3.11.0a6\""]

[[package]]
name = "exceptiongroup"
version = "1.0.0"
description = "Backport of PEP 654 (exception groups)"
optional = false
python-versions = ">=3.7"
groups = ["dev"]
markers = "python_version < \"3.11\""
files = [
    {file = "exceptiongroup-1.0.0-py3-none-any.whl", hash = "sha256:2ac84b496be68464a2da60da518af3785fff8b7ec0d090a581604bc870bdee41"},
    {file = "exceptiongroup-1.0.0.tar.gz", hash = "sha256:affbabf13fb6e98988c38d9c5650e701569fe3c1de3233cfb61c5f33774690ad"},
]

[package.extras]
test = ["pytest (>=6)"]

[[package]]
name = "iniconfig"
version = "1.1.1"
description = "iniconfig: brain-dead simple config-ini parsing"
optional = false
python-versions = "*"
groups = ["dev"]
files = [
    {file = "iniconfig-1.1.1-py2.py3-none-any.whl", hash = "sha256:011e24c64b7f47f6ebd835bb12a743f2fbe9a26d4cecaa7f53bc4f35ee9da8b3"},
    {file = "iniconfig-1.1.1.tar.gz", hash = "sha256:bc3af051d7d14b2ee5ef9969666def0cd1a000e121eaea580d4a313df4b37f32"},
]

[[package]]
name = "librt"
version = "0.7.6"
description = "Mypyc runtime library"
optional = false
python-versions = ">=3.9"
groups = ["dev"]
markers = "platform_python_implementation != \"PyPy\""
files = [
    {file = "librt-0.7.6-cp310-cp310-macosx_10_9_x86_64.whl", hash = "sha256:348cd2f3abe20198d7b800a9b7a811744a0b6dca8477fd64667aac79b7d9bd41"},
    {file = "librt-0.7.6-cp310-cp310-macosx_11_0_arm64.whl", hash = "sha256:99bf18254075ef5c53f5eeef15c7ac99b562936b3524894fa23c85d97f174d2f"},
    {file = "librt-0.7.6-cp310-cp310-manylinux1_i686.manylinux_2_28_i686.manylinux_2_5_i686.whl", hash = "sha256:47772b93a5b4703a1b07882c1c40099f4085f7dff866c11d0c771daf70ccd338"},
    {file = "librt-0.7.6-cp310-cp310-manylinux2014_aarch64.manylinux_2_17_aarch64.manylinux_2_28_aarch64.whl", hash = "sha256:f9fa41f85c2e09db720a1f6c4a4213ec7f1508fc16160b51a75529b8a608a5f9"},
    {file = "librt-0.7.6-cp310-cp310-manylinux2014_x86_64.manylinux_2_17_x86_64.manylinux_2_28_x86_64.whl", hash = "sha256:42c4f3b9e0f8335bada7b13f2b23d802d4ad6e91a1dc05292fed6a0e7fcff83f"},
    {file = "librt-0.7.6-cp310-cp310-musllinux_1_2_aarch64.whl", hash = "sha256:14643a99247e18a8319eecad8ba78a85859240662c52e9db97e17d461b218465"},
    {file = "librt-0.7.6-cp310-cp310-musllinux_1_2_i686.whl", hash = "sha256:ae8ee9e8b2746de889bbb1cbe3ec7019458c13f55967e84978029f137e5c9916"},
    {file = "librt-0.7.6-cp310-cp310-musllinux_1_2_x86_64.whl", hash = "sha256:b39a7c7215ab2b1895296cddd917edcfb87764e2f320c8a2be58334329153a0d"},
    {file = "librt-0.7.6-cp310-cp310-win32.whl", hash = "sha256:16a8098951b4b194e48b6ecd97f78c0764a0b689a2d6eaa1643dffa9ae3a2a71"},
    {file = "librt-0.7.6-cp310-cp310-win_amd64.whl", hash = "sha256:6475e6770a5c07151373ba377c706139e02f42340f3f12d46ec9ce0fb0040833"},
    {file = "librt-0.7.6-cp311-cp311-macosx_10_9_x86_64.whl", hash = "sha256:e1f6f40fdc70af8b5c779f7bf6b1231f32355997b0d144ec3c0e0ac4bfd5cc35"},
    {file = "librt-0.7.6-cp311-cp311-macosx_11_0_arm64.whl", hash = "sha256:3484b82e17e6cab3c6a0d69a2e30937b7078a21a64544fab1a723bd34ba5044f"},
    {file = "librt-0.7.6-cp311-cp311-manylinux1_i686.manylinux_2_28_i686.manylinux_2_5_i686.whl", hash = "sha256:52b89d0e2e2bdc933f0646656ed70de12ce2d668a8e18a0795f71e7dcddf668e"},
    {file = "librt-0.7.6-cp311-cp311-manylinux2014_aarch64.manylinux_2_17_aarch64.manylinux_2_28_aarch64.whl", hash = "sha256:39a7e2710ef244dbdf53722e6cc396e8b8a88f08759c47c8db7424c8f45b0983"},
    {file = "librt-0.7.6-cp311-cp311-manylinux2014_x86_64.manylinux_2_17_x86_64.manylinux_2_28_x86_64.whl", hash = "sha256:915fb88d5916c217a9513c4206704a039d52904d88bedbfafbb2180455b129b8"},
    {file = "librt-0.7.6-cp311-cp311-musllinux_1_2_aarch64.whl", hash = "sha256:832e849dde48ec9d013a819c26614585d0b0881fc5953352c837ec6ffa05f6ce"},
    {file = "librt-0.7.6-cp311-cp311-musllinux_1_2_i686.whl", hash = "sha256:cc20819f23581a21fa0bde0401dfa72a92b94604947dd9d653673ae5f3120576"},
    {file = "librt-0.7.6-cp311-cp311-musllinux_1_2_x86_64.whl", hash = "sha256:c168087407b0316c46976cd0391f7ec3f4f6b28561ba7a628a45bef8a560a5f9"},
    {file = "librt-0.7.6-cp311-cp311-win32.whl", hash = "sha256:eff7366ff0bac64b33570bc315863b2109ad960ede516420e667aac21bc18640"},
    {file = "librt-0.7.6-cp311-cp311-win_amd64.whl", hash = "sha256:b925fc7fb9266eee7cb7708c877f06c02780ee5d373aa6bb1b30558f53fb854f"},
    {file = "librt-0.7.6-cp311-cp311-win_arm64.whl", hash = "sha256:1f206dabe9fe393f32ae070a8836e36b3eb455a6e48fd46758435ecea85ee0fd"},
    {file = "librt-0.7.6-cp312-cp312-macosx_10_13_x86_64.whl", hash = "sha256:25c4a6c9ca7cca1feb2a0a07e26bfb2d9d23163400a1fbfab2091173abd05238"},
    {file = "librt-0.7.6-cp312-cp312-macosx_11_0_arm64.whl", hash = "sha256:7f907832b7e79343020e01802c724acbdbd3925e390928e2a89f9eb15e90b232"},
    {file = "librt-0.7.6-cp312-cp312-manylinux1_i686.manylinux_2_28_i686.manylinux_2_5_i686.whl", hash = "sha256:47c5113e2b4987cdc970184f0147e669759e89ba321218399b5b0fcc87f3c3eb"},
    {file = "librt-0.7.6-cp312-cp312-manylinux2014_aarch64.manylinux_2_17_aarch64.manylinux_2_28_aarch64.whl", hash = "sha256:27774cc3d264b5ca52cb6a73bb890b320b826aafda338e547c390f3dfb3c2296"},
    {file = "librt-0.7.6-cp312-cp312-manylinux2014_x86_64.manylinux_2_17_x86_64.manylinux_2_28_x86_64.whl", hash = "sha256:917fe57d74d3316e4ac0894535667ba81f6840abe76da8b2c4d9ce3e17979f0b"},
    {file = "librt-0.7.6-cp312-cp312-musllinux_1_2_aarch64.whl", hash = "sha256:f0effc2e5ccec48a0d4eea961a8f0aa161974c6aa61c85ff9b381a8c28a29c38"},
    {file = "librt-0.7.6-cp312-cp312-musllinux_1_2_i686.whl", hash = "sha256:d975bcf09c0175095af23f21736a9ab9a5c78d60d3953b1b9fa5a3806b928a05"},
    {file = "librt-0.7.6-cp312-cp312-musllinux_1_2_x86_64.whl", hash = "sha256:424c3de6e2a2118d12ee34c36900f7fc4e768244ba62ae8280e8210cb675ed6c"},
    {file = "librt-0.7.6-cp312-cp312-win32.whl", hash = "sha256:bfa55ad58926706e64321302a95edbd9eb9b221bf5b7027de97ffa31874e7f4f"},
    {file = "librt-0.7.6-cp312-cp312-win_amd64.whl", hash = "sha256:8882e33b9f7a21b413431aabd6cb708f66ec5afd6f5adc0e96f82a2c93762baf"},
    {file = "librt-0.7.6-cp312-cp312-win_arm64.whl", hash = "sha256:e39187fb7dda1905198ee7a49a61d12977428672dba3bb47494cd3a440a36198"},
    {file = "librt-0.7.6-cp313-cp313-macosx_10_13_x86_64.whl", hash = "sha256:eed0eea822597dfa2ddccd8ceafcfa667d7263f0dc700287074ab0d9179f5301"},
    {file = "librt-0.7.6-cp313-cp313-macosx_11_0_arm64.whl", hash = "sha256:477bab707f8a9219d0bac1a2d58aca94ef5700929cb118f9507b2da8777dfe29"},
    {file = "librt-0.7.6-cp313-cp313-manylinux1_i686.manylinux_2_28_i686.manylinux_2_5_i686.whl", hash = "sha256:8ede6b2e81cfba60056bcc6e0f1a3336de1bfa3cde68a31b76d15af236727c23"},
    {file = "librt-0.7.6-cp313-cp313-manylinux2014_aarch64.manylinux_2_17_aarch64.manylinux_2_28_aarch64.whl", hash = "sha256:aec3efd52fa236321a5249c39e094ff295feec200aae3407144aabae1e520034"},
    {file = "librt-0.7.6-cp313-cp313-manylinux2014_x86_64.manylinux_2_17_x86_64.manylinux_2_28_x86_64.whl", hash = "sha256:fb2d4dcf5b92e4215db8297dc34f69230295929701d2cc6782a4ea7ca4821604"},
    {file = "librt-0.7.6-cp313-cp313-musllinux_1_2_aarch64.whl", hash = "sha256:5fb61bccda79f5396731f29a5e63da3c864510c00ebce71d5d17fa072b02b616"},
    {file = "librt-0.7.6-cp313-cp313-musllinux_1_2_i686.whl", hash = "sha256:feff88e26e194cb184349733412dea3ef37907f4eec105754bcda905012d61c3"},
    {file = "librt-0.7.6-cp313-cp313-musllinux_1_2_x86_64.whl", hash = "sha256:7537e42da6a79294f7b9c081b42c5bdbfcdf1c0e98a3933c3ed7bf710d7a3780"},
    {file = "librt-0.7.6-cp313-cp313-win32.whl", hash = "sha256:589a5398498c5702be6706a29e7d235307806cea42fd219fb0b4c4ee32a198c0"},
    {file = "librt-0.7.6-cp313-cp313-win_amd64.whl", hash = "sha256:42544d7e16466d1341db6f5eb0df6ee958f4d81f7648405254c09be66f6c6729"},
    {file = "librt-0.7.6-cp313-cp313-win_arm64.whl", hash = "sha256:6f55b97725d6678b57437411d5a6e8909b7c55ef6c71061f92899c142957edb3"},
    {file = "librt-0.7.6-cp314-cp314-macosx_10_13_x86_64.whl", hash = "sha256:c5b627029484a12005b79265bf3b1df1c5b37f4c993db844342b1d7ebff73b47"},
    {file = "librt-0.7.6-cp314-cp314-macosx_11_0_arm64.whl", hash = "sha256:33520a4f90c0e6784c5db7ebb9fba7c1f4ed8ae4f65f56fc85e2809f2c674f8a"},
    {file = "librt-0.7.6-cp314-cp314-manylinux1_i686.manylinux_2_28_i686.manylinux_2_5_i686.whl", hash = "sha256:e8aeb9cd632dd58ac084d1a180543e48006c9089a528accdc8f06d1e62e986a2"},
    {file = "librt-0.7.6-cp314-cp314-manylinux2014_aarch64.manylinux_2_17_aarch64.manylinux_2_28_aarch64.whl", hash = "sha256:c412fe2b02a1b45c3005da539c1ac2fcb99f7453574a88556397977c838524b6"},
    {file = "librt-0.7.6-cp314-cp314-manylinux2014_x86_64.manylinux_2_17_x86_64.manylinux_2_28_x86_64.whl", hash = "sha256:e32b25e29e55bd277b1b48e4b699d09678576d6dfb3175d317758c0724a4bfef"},
    {file = "librt-0.7.6-cp314-cp314-musllinux_1_2_aarch64.whl", hash = "sha256:97411878f63f8263fdbfe9107a3938eb75694a76bdc40a9c785ab293e02b3351"},
    {file = "librt-0.7.6-cp314-cp314-musllinux_1_2_i686.whl", hash = "sha256:93a4f930e19886b3ac9dacb932261b399cfcaef15b5162d508b163bf9e2820d5"},
    {file = "librt-0.7.6-cp314-cp314-musllinux_1_2_x86_64.whl", hash = "sha256:89f6bc8ef0a51fe53291f53dfb05cc832019caf6fdf2969ecfa28c3472bb863a"},
    {file = "librt-0.7.6-cp314-cp314-win32.whl", hash = "sha256:5b06d83b1d2a0cfce9d3b547ceb2c761bd98f529f5285d4f9a26bb9fc0bd5f92"},
    {file = "librt-0.7.6-cp314-cp314-win_amd64.whl", hash = "sha256:69ef674966dd1932f9548e1718b898a6022280eee7c0e16b0b0de40b0febf065"},
    {file = "librt-0.7.6-cp314-cp314-win_arm64.whl", hash = "sha256:f2c8799f5c4236104eadede723180d218212b44027cb7b909ef1e4b7b72e1480"},
    {file = "librt-0.7.6-cp314-cp314t-macosx_10_13_x86_64.whl", hash = "sha256:a4d24d44febb9f114fe81c831639a6acba8e957f39d969b81db444b978bfd8d0"},
    {file = "librt-0.7.6-cp314-cp314t-macosx_11_0_arm64.whl", hash = "sha256:d4510cb559347d877f43ae3b0d0a80a4919d397ba4f1cef5a67b273677164f71"},
    {file = "librt-0.7.6-cp314-cp314t-manylinux1_i686.manylinux_2_28_i686.manylinux_2_5_i686.whl", hash = "sha256:77ddc993faa13ba38e24d8521d353d80dbc67d271fda5a54563ce549a93f6b95"},
    {file = "librt-0.7.6-cp314-cp314t-manylinux2014_aarch64.manylinux_2_17_aarch64.manylinux_2_28_aarch64.whl", hash = "sha256:4732e76f39ebb6dd2df7189f3bd8a7cea2050cf1acd6b3d70b4a66551773d1f8"},
    {file = "librt-0.7.6-cp314-cp314t-manylinux2014_x86_64.manylinux_2_17_x86_64.manylinux_2_28_x86_64.whl", hash = "sha256:3fb616315e1b7267bd269802bd9c1da39c59fdd921d9963979ab07559c6da32a"},
    {file = "librt-0.7.6-cp314-cp314t-musllinux_1_2_aarch64.whl", hash = "sha256:6dda44c6aab4a950b7867088bc03adfd0e74464a71001e3d455c6025bf64c6bf"},
    {file = "librt-0.7.6-cp314-cp314t-musllinux_1_2_i686.whl", hash = "sha256:047667397e8006738e382cbff9c2e186ed41aff81f684a3c9eba74f4364c25b9"},
    {file = "librt-0.7.6-cp314-cp314t-musllinux_1_2_x86_64.whl", hash = "sha256:5ef75f4afc611e63a233771787f70444e13d4ddfac65a107f8a87fc7e27a9303"},
    {file = "librt-0.7.6-cp314-cp314t-win32.whl", hash = "sha256:9e45ac54fdb4ee1123baadc3485175aeba2fd6e13fcee325eb8f532de926760e"},
    {file = "librt-0.7.6-cp314-cp314t-win_amd64.whl", hash = "sha256:93833cf60ad83e60fcae6c1dbed5a33877ee9f9c2fc0e882de958682d23a7d3c"},
    {file = "librt-0.7.6-cp314-cp314t-win_arm64.whl", hash = "sha256:715778320d017a7725e0842579b26e7059a231a0000b0f770d7317851819cd86"},
    {file = "librt-0.7.6-cp39-cp39-macosx_10_9_x86_64.whl", hash = "sha256:9f3476e1d759441ac4995e257ac09fbc2b92cb917b93c9a6802dca08f3c31032"},
    {file = "librt-0.7.6-cp39-cp39-macosx_11_0_arm64.whl", hash = "sha256:601d688a79bd23e59c7a035a13289113f3d10de3a124dc89f7d140cd220c4bea"},
    {file = "librt-0.7.6-cp39-cp39-manylinux1_i686.manylinux_2_28_i686.manylinux_2_5_i686.whl", hash = "sha256:b7181f7811455d7908c4370bfb9ad25c9422b8cd4f54d66d9c1ceadcd8cad6d1"},
    {file = "librt-0.7.6-cp39-cp39-manylinux2014_aarch64.manylinux_2_17_aarch64.manylinux_2_28_aarch64.whl", hash = "sha256:4d6e9a36b8a31fcdb8dfbf0a5468fb0b2b584545e1afe68e724b45e3e0512cf7"},
    {file = "librt-0.7.6-cp39-cp39-manylinux2014_x86_64.manylinux_2_17_x86_64.manylinux_2_28_x86_64.whl", hash = "sha256:8accc9b377794676e5701530def592edaca7839f0a3537012286948fad0d8139"},
    {file = "librt-0.7.6-cp39-cp39-musllinux_1_2_aarch64.whl", hash = "sha256:5cb3a56037dd6cbff58592d4f9a5a227690b68832b9040f6616eae082a06984b"},
    {file = "librt-0.7.6-cp39-cp39-musllinux_1_2_i686.whl", hash = "sha256:ced25e7963478a59969bb49a00c08c179f4aa47e54927b9453a871793af1b8dd"},
    {file = "librt-0.7.6-cp39-cp39-musllinux_1_2_x86_64.whl", hash = "sha256:23705b7cb3f0e9dd725f0f0d1e36e0cea8e7099aceb6f5baa345f0ddc0e2aa18"},
    {file = "librt-0.7.6-cp39-cp39-win32.whl", hash = "sha256:155322aaf116f9a983930fc39021fb56887fa8695adc718f012325d45f08e09a"},
    {file = "librt-0.7.6-cp39-cp39-win_amd64.whl", hash = "sha256:a2ccd5086fef7ac26bc9fb1477cf04a227d3712de04eb4f44c9623bef0cce64e"},
    {file = "librt-0.7.6.tar.gz", hash = "sha256:0ba0a7a2ae3911417b1f2186836ff8ce3d01caffc665d6b5295c95f9f5606cdd"},
]

[[package]]
name = "mypy"
version = "1.19.1"
description = "Optional static typing for Python"
optional = false
python-versions = ">=3.9"
groups = ["dev"]
files = [
    {file = "mypy-1.19.1-cp310-cp310-macosx_10_9_x86_64.whl", hash = "sha256:5f05aa3d375b385734388e844bc01733bd33c644ab48e9684faa54e5389775ec"},
    {file = "mypy-1.19.1-cp310-cp310-macosx_11_0_arm64.whl", hash = "sha256:022ea7279374af1a5d78dfcab853fe6a536eebfda4b59deab53cd21f6cd9f00b"},
    {file = "mypy-1.19.1-cp310-cp310-manylinux2014_aarch64.manylinux_2_17_aarch64.manylinux_2_28_aarch64.whl", hash = "sha256:ee4c11e460685c3e0c64a4c5de82ae143622410950d6be863303a1c4ba0e36d6"},
    {file = "mypy-1.19.1-cp310-cp310-manylinux2014_x86_64.manylinux_2_17_x86_64.manylinux_2_28_x86_64.whl", hash = "sha256:de759aafbae8763283b2ee5869c7255391fbc4de3ff171f8f030b5ec48381b74"},
    {file = "mypy-1.19.1-cp310-cp310-musllinux_1_2_x86_64.whl", hash = "sha256:ab43590f9cd5108f41aacf9fca31841142c786827a74ab7cc8a2eacb634e09a1"},
    {file = "mypy-1.19.1-cp310-cp310-win_amd64.whl", hash = "sha256:2899753e2f61e571b3971747e302d5f420c3fd09650e1951e99f823bc3089dac"},
    {file = "mypy-1.19.1-cp311-cp311-macosx_10_9_x86_64.whl", hash = "sha256:d8dfc6ab58ca7dda47d9237349157500468e404b17213d44fc1cb77bce532288"},
    {file = "mypy-1.19.1-cp311-cp311-macosx_11_0_arm64.whl", hash = "sha256:e3f276d8493c3c97930e354b2595a44a21348b320d859fb4a2b9f66da9ed27ab"},
    {file = "mypy-1.19.1-cp311-cp311-manylinux2014_aarch64.manylinux_2_17_aarch64.manylinux_2_28_aarch64.whl", hash = "sha256:2abb24cf3f17864770d18d673c85235ba52456b36a06b6afc1e07c1fdcd3d0e6"},
    {file = "mypy-1.19.1-cp311-cp311-manylinux2014_x86_64.manylinux_2_17_x86_64.manylinux_2_28_x86_64.whl", hash = "sha256:a009ffa5a621762d0c926a078c2d639104becab69e79538a494bcccb62cc0331"},
    {file = "mypy-1.19.1-cp311-cp311-musllinux_1_2_x86_64.whl", hash = "sha256:f7cee03c9a2e2ee26ec07479f38ea9c884e301d42c6d43a19d20fb014e3ba925"},
    {file = "mypy-1.19.1-cp311-cp311-win_amd64.whl", hash = "sha256:4b84a7a18f41e167f7995200a1d07a4a6810e89d29859df936f1c3923d263042"},
    {file = "mypy-1.19.1-cp312-cp312-macosx_10_13_x86_64.whl", hash = "sha256:a8174a03289288c1f6c46d55cef02379b478bfbc8e358e02047487cad44c6ca1"},
    {file = "mypy-1.19.1-cp312-cp312-macosx_11_0_arm64.whl", hash = "sha256:ffcebe56eb09ff0c0885e750036a095e23793ba6c2e894e7e63f6d89ad51f22e"},
    {file = "mypy-1.19.1-cp312-cp312-manylinux2014_aarch64.manylinux_2_17_aarch64.manylinux_2_28_aarch64.whl", hash = "sha256:b64d987153888790bcdb03a6473d321820597ab8dd9243b27a92153c4fa50fd2"},
    {file = "mypy-1.19.1-cp312-cp312-manylinux2014_x86_64.manylinux_2_17_x86_64.manylinux_2_28_x86_64.whl", hash = "sha256:c35d298c2c4bba75feb2195655dfea8124d855dfd7343bf8b8c055421eaf0cf8"},
    {file = "mypy-1.19.1-cp312-cp312-musllinux_1_2_x86_64.whl", hash = "sha256:34c81968774648ab5ac09c29a375fdede03ba253f8f8287847bd480782f73a6a"},
    {file = "mypy-1.19.1-cp312-cp312-win_amd64.whl", hash = "sha256:b10e7c2cd7870ba4ad9b2d8a6102eb5ffc1f16ca35e3de6bfa390c1113029d13"},
    {file = "mypy-1.19.1-cp313-cp313-macosx_10_13_x86_64.whl", hash = "sha256:e3157c7594ff2ef1634ee058aafc56a82db665c9438fd41b390f3bde1ab12250"},
    {file = "mypy-1.19.1-cp313-cp313-macosx_11_0_arm64.whl", hash = "sha256:bdb12f69bcc02700c2b47e070238f42cb87f18c0bc1fc4cdb4fb2bc5fd7a3b8b"},
    {file = "mypy-1.19.1-cp313-cp313-manylinux2014_aarch64.manylinux_2_17_aarch64.manylinux_2_28_aarch64.whl", hash = "sha256:f859fb09d9583a985be9a493d5cfc5515b56b08f7447759a0c5deaf68d80506e"},
    {file = "mypy-1.19.1-cp313-cp313-manylinux2014_x86_64.manylinux_2_17_x86_64.manylinux_2_28_x86_64.whl", hash = "sha256:c9a6538e0415310aad77cb94004ca6482330fece18036b5f360b62c45814c4ef"},
    {file = "mypy-1.19.1-cp313-cp313-musllinux_1_2_x86_64.whl", hash = "sha256:da4869fc5e7f62a88f3fe0b5c919d1d9f7ea3cef92d3689de2823fd27e40aa75"},
    {file = "mypy-1.19.1-cp313-cp313-win_amd64.whl", hash = "sha256:016f2246209095e8eda7538944daa1d60e1e8134d98983b9fc1e92c1fc0cb8dd"},
    {file = "mypy-1.19.1-cp314-cp314-macosx_10_15_x86_64.whl", hash = "sha256:06e6170bd5836770e8104c8fdd58e5e725cfeb309f0a6c681a811f557e97eac1"},
    {file = "mypy-1.19.1-cp314-cp314-macosx_11_0_arm64.whl", hash = "sha256:804bd67b8054a85447c8954215a906d6eff9cabeabe493fb6334b24f4bfff718"},
    {file = "mypy-1.19.1-cp314-cp314-manylinux2014_aarch64.manylinux_2_17_aarch64.manylinux_2_28_aarch64.whl", hash = "sha256:21761006a7f497cb0d4de3d8ef4ca70532256688b0523eee02baf9eec895e27b"},
    {file = "mypy-1.19.1-cp314-cp314-manylinux2014_x86_64.manylinux_2_17_x86_64.manylinux_2_28_x86_64.whl", hash = "sha256:28902ee51f12e0f19e1e16fbe2f8f06b6637f482c459dd393efddd0ec7f82045"},
    {file = "mypy-1.19.1-cp314-cp314-musllinux_1_2_x86_64.whl", hash = "sha256:481daf36a4c443332e2ae9c137dfee878fcea781a2e3f895d54bd3002a900957"},
    {file = "mypy-1.19.1-cp314-cp314-win_amd64.whl", hash = "sha256:8bb5c6f6d043655e055be9b542aa5f3bdd30e4f3589163e85f93f3640060509f"},
    {file = "mypy-1.19.1-cp39-cp39-macosx_10_9_x86_64.whl", hash = "sha256:7bcfc336a03a1aaa26dfce9fff3e287a3ba99872a157561cbfcebe67c13308e3"},
    {file = "mypy-1.19.1-cp39-cp39-macosx_11_0_arm64.whl", hash = "sha256:b7951a701c07ea584c4fe327834b92a30825514c868b1f69c30445093fdd9d5a"},
    {file = "mypy-1.19.1-cp39-cp39-manylinux2014_aarch64.manylinux_2_17_aarch64.manylinux_2_28_aarch64.whl", hash = "sha256:b13cfdd6c87fc3efb69ea4ec18ef79c74c3f98b4e5498ca9b85ab3b2c2329a67"},
    {file = "mypy-1.19.1-cp39-cp39-manylinux2014_x86_64.manylinux_2_17_x86_64.manylinux_2_28_x86_64.whl", hash = "sha256:4f28f99c824ecebcdaa2e55d82953e38ff60ee5ec938476796636b86afa3956e"},
    {file = "mypy-1.19.1-cp39-cp39-musllinux_1_2_x86_64.whl", hash = "sha256:c608937067d2fc5a4dd1a5ce92fd9e1398691b8c5d012d66e1ddd430e9244376"},
    {file = "mypy-1.19.1-cp39-cp39-win_amd64.whl", hash = "sha256:409088884802d511ee52ca067707b90c883426bd95514e8cfda8281dc2effe24"},
    {file = "mypy-1.19.1-py3-none-any.whl", hash = "sha256:f1235f5ea01b7db5468d53ece6aaddf1ad0b88d9e7462b86ef96fe04995d7247"},
    {file = "mypy-1.19.1.tar.gz", hash = "sha256:19d88bb05303fe63f71dd2c6270daca27cb9401c4ca8255fe50d1d920e0eb9ba"},
]

[package.dependencies]
librt = {version = ">=0.6.2", markers = "platform_python_implementation != \"PyPy\""}
mypy_extensions = ">=1.0.0"
pathspec = ">=0.9.0"
tomli = {version = ">=1.1.0", markers = "python_version < \"3.11\""}
typing_extensions = ">=4.6.0"

[package.extras]
dmypy = ["psutil (>=4.0)"]
faster-cache = ["orjson"]
install-types = ["pip"]
mypyc = ["setuptools (>=50)"]
reports = ["lxml"]

[[package]]
name = "mypy-extensions"
version = "1.0.0"
description = "Type system extensions for programs checked with the mypy type checker."
optional = false
python-versions = ">=3.5"
groups = ["dev"]
files = [
    {file = "mypy_extensions-1.0.0-py3-none-any.whl", hash = "sha256:4392f6c0eb8a5668a69e23d168ffa70f0be9ccfd32b5cc2d26a34ae5b844552d"},
    {file = "mypy_extensions-1.0.0.tar.gz", hash = "sha256:75dbf8955dc00442a438fc4d0666508a9a97b6bd41aa2f0ffe9d2f2725af0782"},
]

[[package]]
name = "packaging"
version = "23.0"
description = "Core utilities for Python packages"
optional = false
python-versions = ">=3.7"
groups = ["dev"]
files = [
    {file = "packaging-23.0-py3-none-any.whl", hash = "sha256:714ac14496c3e68c99c29b00845f7a2b85f3bb6f1078fd9f72fd20f0570002b2"},
    {file = "packaging-23.0.tar.gz", hash = "sha256:b6ad297f8907de0fa2fe1ccbd26fdaf387f5f47c7275fedf8cce89f99446cf97"},
]

[[package]]
name = "pathspec"
version = "0.12.1"
description = "Utility library for gitignore style pattern matching of file paths."
optional = false
python-versions = ">=3.8"
groups = ["dev"]
files = [
    {file = "pathspec-0.12.1-py3-none-any.whl", hash = "sha256:a0d503e138a4c123b27490a4f7beda6a01c6f288df0e4a8b79c7eb0dc7b4cc08"},
    {file = "pathspec-0.12.1.tar.gz", hash = "sha256:a482d51503a1ab33b1c67a6c3813a26953dbdc71c31dacaef9a838c4e29f5712"},
]

[[package]]
name = "pluggy"
version = "0.13.1"
description = "plugin and hook calling mechanisms for python"
optional = false
python-versions = ">=2.7, !=3.0.*, !=3.1.*, !=3.2.*, !=3.3.*"
groups = ["dev"]
files = [
    {file = "pluggy-0.13.1-py2.py3-none-any.whl", hash = "sha256:966c145cd83c96502c3c3868f50408687b38434af77734af1e9ca461a4081d2d"},
    {file = "pluggy-0.13.1.tar.gz", hash = "sha256:15b2acde666561e1298d71b523007ed7364de07029219b604cf808bfa1c765b0"},
]

[package.extras]
dev = ["pre-commit", "tox"]

[[package]]
name = "pytest"
version = "7.4.4"
description = "pytest: simple powerful testing with Python"
optional = false
python-versions = ">=3.7"
groups = ["dev"]
files = [
    {file = "pytest-7.4.4-py3-none-any.whl", hash = "sha256:b090cdf5ed60bf4c45261be03239c2c1c22df034fbffe691abe93cd80cea01d8"},
    {file = "pytest-7.4.4.tar.gz", hash = "sha256:2cf0005922c6ace4a3e2ec8b4080eb0d9753fdc93107415332f50ce9e7994280"},
]

[package.dependencies]
colorama = {version = "*", markers = "sys_platform == \"win32\""}
exceptiongroup = {version = ">=1.0.0rc8", markers = "python_version < \"3.11\""}
iniconfig = "*"
packaging = "*"
pluggy = ">=0.12,<2.0"
tomli = {version = ">=1.0.0", markers = "python_version < \"3.11\""}

[package.extras]
testing = ["argcomplete", "attrs (>=19.2.0)", "hypothesis (>=3.56)", "mock", "nose", "pygments (>=2.7.2)", "requests", "setuptools", "xmlschema"]

[[package]]
name = "pytest-cov"
version = "4.1.0"
description = "Pytest plugin for measuring coverage."
optional = false
python-versions = ">=3.7"
groups = ["dev"]
files = [
    {file = "pytest-cov-4.1.0.tar.gz", hash = "sha256:3904b13dfbfec47f003b8e77fd5b589cd11904a21ddf1ab38a64f204d6a10ef6"},
    {file = "pytest_cov-4.1.0-py3-none-any.whl", hash = "sha256:6ba70b9e97e69fcc3fb45bfeab2d0a138fb65c4d0d6a41ef33983ad114be8c3a"},
]

[package.dependencies]
coverage = {version = ">=5.2.1", extras = ["toml"]}
pytest = ">=4.6"

[package.extras]
testing = ["fields", "hunter", "process-tests", "pytest-xdist", "six", "virtualenv"]

[[package]]
name = "pytest-testmon"
version = "2.0.15"
description = "selects tests affected by changed files and methods"
optional = false
python-versions = ">=3.7"
groups = ["dev"]
files = [
    {file = "pytest-testmon-2.0.15.tar.gz", hash = "sha256:d08efd4fe46a267c146c84d5a27cbda0080387aeaf4007c309102cb581eedbf6"},
    {file = "pytest_testmon-2.0.15-py3-none-any.whl", hash = "sha256:91c3b0cfb2f0f94cc9c429f2d279f8a97aaab91cc06eceaf7e33497666f52c94"},
]

[package.dependencies]
coverage = ">=6,<8"
pytest = ">=5,<8"

[[package]]
name = "pytest-timeout"
version = "2.3.1"
description = "pytest plugin to abort hanging tests"
optional = false
python-versions = ">=3.7"
groups = ["dev"]
files = [
    {file = "pytest-timeout-2.3.1.tar.gz", hash = "sha256:12397729125c6ecbdaca01035b9e5239d4db97352320af155b3f5de1ba5165d9"},
    {file = "pytest_timeout-2.3.1-py3-none-any.whl", hash = "sha256:68188cb703edfc6a18fad98dc25a3c61e9f24d644b0b70f33af545219fc7813e"},
]

[package.dependencies]
pytest = ">=7.0.0"

[[package]]
name = "tomli"
version = "1.2.3"
description = "A lil' TOML parser"
optional = false
python-versions = ">=3.6"
groups = ["dev"]
markers = "python_full_version <= \"3.11.0a6\""
files = [
    {file = "tomli-1.2.3-py3-none-any.whl", hash = "sha256:e3069e4be3ead9668e21cb9b074cd948f7b3113fd9c8bba083f48247aab8b11c"},
    {file = "tomli-1.2.3.tar.gz", hash = "sha256:05b6166bff487dc068d322585c7ea4ef78deed501cc124060e0f238e89a9231f"},
]

[[package]]
name = "typing-extensions"
version = "4.7.0"
description = "Backported and Experimental Type Hints for Python 3.7+"
optional = false
python-versions = ">=3.7"
groups = ["dev"]
files = [
    {file = "typing_extensions-4.7.0-py3-none-any.whl", hash = "sha256:5d8c9dac95c27d20df12fb1d97b9793ab8b2af8a3a525e68c80e21060c161771"},
    {file = "typing_extensions-4.7.0.tar.gz", hash = "sha256:935ccf31549830cda708b42289d44b6f74084d616a00be651601a4f968e77c82"},
]

[metadata]
lock-version = "2.1"
python-versions = "^3.9"
content-hash = "bf634b0e26b6b4bf1e691f606d03d91154086c73c354ef215070d778d381edb3"
